// !$*UTF8*$!
{
	archiveVersion = 1;
	classes = {
	};
	objectVersion = 56;
	objects = {

/* Begin PBXBuildFile section */
		7832C70F2CDE35CC008148C4 /* NutrifyApp.swift in Sources */ = {isa = PBXBuildFile; fileRef = 7832C70E2CDE35CC008148C4 /* NutrifyApp.swift */; };
		7832C7112CDE35CC008148C4 /* ContentView.swift in Sources */ = {isa = PBXBuildFile; fileRef = 7832C7102CDE35CC008148C4 /* ContentView.swift */; };
		7832C7132CDE35CE008148C4 /* Assets.xcassets in Resources */ = {isa = PBXBuildFile; fileRef = 7832C7122CDE35CE008148C4 /* Assets.xcassets */; };
		7832C7162CDE35CE008148C4 /* Preview Assets.xcassets in Resources */ = {isa = PBXBuildFile; fileRef = 7832C7152CDE35CE008148C4 /* Preview Assets.xcassets */; };
		7832C7182CDE35CE008148C4 /* Persistence.swift in Sources */ = {isa = PBXBuildFile; fileRef = 7832C7172CDE35CE008148C4 /* Persistence.swift */; };
		7832C71B2CDE35CE008148C4 /* Nutrify.xcdatamodeld in Sources */ = {isa = PBXBuildFile; fileRef = 7832C7192CDE35CE008148C4 /* Nutrify.xcdatamodeld */; };
		7832C7262CDE3859008148C4 /* HomeView.swift in Sources */ = {isa = PBXBuildFile; fileRef = 7832C7252CDE3859008148C4 /* HomeView.swift */; };
		7832C7282CDE386A008148C4 /* LogView.swift in Sources */ = {isa = PBXBuildFile; fileRef = 7832C7272CDE386A008148C4 /* LogView.swift */; };
		7832C72A2CDE3877008148C4 /* SocialView.swift in Sources */ = {isa = PBXBuildFile; fileRef = 7832C7292CDE3877008148C4 /* SocialView.swift */; };
		7832C72C2CDE3883008148C4 /* GoalView.swift in Sources */ = {isa = PBXBuildFile; fileRef = 7832C72B2CDE3883008148C4 /* GoalView.swift */; };
		78F2C4462CF7654F00E36F5A /* ChartView.swift in Sources */ = {isa = PBXBuildFile; fileRef = 78F2C4452CF7654F00E36F5A /* ChartView.swift */; };
		78F2C4492CF7658B00E36F5A /* SwiftUICharts in Frameworks */ = {isa = PBXBuildFile; productRef = 78F2C4482CF7658B00E36F5A /* SwiftUICharts */; };
		78F2C44D2CF7678600E36F5A /* NutritionDataModel.swift in Sources */ = {isa = PBXBuildFile; fileRef = 78F2C44C2CF7678600E36F5A /* NutritionDataModel.swift */; };
		8C6AF4442CF71FAB00981E9F /* FirebaseAuth in Frameworks */ = {isa = PBXBuildFile; productRef = 8C6AF4432CF71FAB00981E9F /* FirebaseAuth */; };
		8C6AF4462CF71FD800981E9F /* FirebaseDatabase in Frameworks */ = {isa = PBXBuildFile; productRef = 8C6AF4452CF71FD800981E9F /* FirebaseDatabase */; };
		8C6AF4492CF7200300981E9F /* User.swift in Sources */ = {isa = PBXBuildFile; fileRef = 8C6AF4482CF7200300981E9F /* User.swift */; };
		8C6AF44B2CF7204A00981E9F /* GoogleService-Info.plist in Resources */ = {isa = PBXBuildFile; fileRef = 8C6AF44A2CF7204A00981E9F /* GoogleService-Info.plist */; };
		8C6AF44E2CF7211700981E9F /* LoginView.swift in Sources */ = {isa = PBXBuildFile; fileRef = 8C6AF44D2CF7211700981E9F /* LoginView.swift */; };
		8C6AF4522CF721D800981E9F /* InputField.swift in Sources */ = {isa = PBXBuildFile; fileRef = 8C6AF4512CF721D800981E9F /* InputField.swift */; };
		8C6AF4542CF721F200981E9F /* LogPageView.swift in Sources */ = {isa = PBXBuildFile; fileRef = 8C6AF4532CF721F200981E9F /* LogPageView.swift */; };
		8C6AF4562CF7263A00981E9F /* UserSession.swift in Sources */ = {isa = PBXBuildFile; fileRef = 8C6AF4552CF7263A00981E9F /* UserSession.swift */; };
		8C6AF4582CF738E300981E9F /* NutrifyButton.swift in Sources */ = {isa = PBXBuildFile; fileRef = 8C6AF4572CF738E300981E9F /* NutrifyButton.swift */; };
		8C6AF4602CF7DD6200981E9F /* SocialPost.swift in Sources */ = {isa = PBXBuildFile; fileRef = 8C6AF45F2CF7DD6200981E9F /* SocialPost.swift */; };
		8C6AF4622CF7DFBB00981E9F /* UserService.swift in Sources */ = {isa = PBXBuildFile; fileRef = 8C6AF4612CF7DFBB00981E9F /* UserService.swift */; };
		8C6AF4642CF7E48C00981E9F /* SocialService.swift in Sources */ = {isa = PBXBuildFile; fileRef = 8C6AF4632CF7E48C00981E9F /* SocialService.swift */; };
		8C8E76052CF8E142008F8D38 /* SettingsView.swift in Sources */ = {isa = PBXBuildFile; fileRef = 8C8E76042CF8E142008F8D38 /* SettingsView.swift */; };
		8CDFE88D2CF71D5700BC103D /* AuthService.swift in Sources */ = {isa = PBXBuildFile; fileRef = 8CDFE88C2CF71D5700BC103D /* AuthService.swift */; };
		8CDFE8902CF71DC900BC103D /* FirebaseAnalytics in Frameworks */ = {isa = PBXBuildFile; productRef = 8CDFE88F2CF71DC900BC103D /* FirebaseAnalytics */; };
		8CDFE8922CF71DC900BC103D /* FirebaseAnalyticsOnDeviceConversion in Frameworks */ = {isa = PBXBuildFile; productRef = 8CDFE8912CF71DC900BC103D /* FirebaseAnalyticsOnDeviceConversion */; };
		8CDFE8942CF71DC900BC103D /* FirebaseAnalyticsWithoutAdIdSupport in Frameworks */ = {isa = PBXBuildFile; productRef = 8CDFE8932CF71DC900BC103D /* FirebaseAnalyticsWithoutAdIdSupport */; };
		8CDFE8962CF71DC900BC103D /* FirebaseAppCheck in Frameworks */ = {isa = PBXBuildFile; productRef = 8CDFE8952CF71DC900BC103D /* FirebaseAppCheck */; };
		8CDFE8982CF71DC900BC103D /* FirebaseAppDistribution-Beta in Frameworks */ = {isa = PBXBuildFile; productRef = 8CDFE8972CF71DC900BC103D /* FirebaseAppDistribution-Beta */; };
		8CFF55BC2CF7F63A007559A6 /* ProfilePicture.swift in Sources */ = {isa = PBXBuildFile; fileRef = 8CFF55BB2CF7F63A007559A6 /* ProfilePicture.swift */; };
		8CFF55BE2CF8196D007559A6 /* AddPostView.swift in Sources */ = {isa = PBXBuildFile; fileRef = 8CFF55BD2CF8196D007559A6 /* AddPostView.swift */; };
/* End PBXBuildFile section */

/* Begin PBXFileReference section */
		7832C70B2CDE35CC008148C4 /* Nutrify.app */ = {isa = PBXFileReference; explicitFileType = wrapper.application; includeInIndex = 0; path = Nutrify.app; sourceTree = BUILT_PRODUCTS_DIR; };
		7832C70E2CDE35CC008148C4 /* NutrifyApp.swift */ = {isa = PBXFileReference; lastKnownFileType = sourcecode.swift; path = NutrifyApp.swift; sourceTree = "<group>"; };
		7832C7102CDE35CC008148C4 /* ContentView.swift */ = {isa = PBXFileReference; lastKnownFileType = sourcecode.swift; path = ContentView.swift; sourceTree = "<group>"; };
		7832C7122CDE35CE008148C4 /* Assets.xcassets */ = {isa = PBXFileReference; lastKnownFileType = folder.assetcatalog; path = Assets.xcassets; sourceTree = "<group>"; };
		7832C7152CDE35CE008148C4 /* Preview Assets.xcassets */ = {isa = PBXFileReference; lastKnownFileType = folder.assetcatalog; path = "Preview Assets.xcassets"; sourceTree = "<group>"; };
		7832C7172CDE35CE008148C4 /* Persistence.swift */ = {isa = PBXFileReference; lastKnownFileType = sourcecode.swift; path = Persistence.swift; sourceTree = "<group>"; };
		7832C71A2CDE35CE008148C4 /* Nutrify.xcdatamodel */ = {isa = PBXFileReference; lastKnownFileType = wrapper.xcdatamodel; path = Nutrify.xcdatamodel; sourceTree = "<group>"; };
		7832C7252CDE3859008148C4 /* HomeView.swift */ = {isa = PBXFileReference; lastKnownFileType = sourcecode.swift; path = HomeView.swift; sourceTree = "<group>"; };
		7832C7272CDE386A008148C4 /* LogView.swift */ = {isa = PBXFileReference; lastKnownFileType = sourcecode.swift; path = LogView.swift; sourceTree = "<group>"; };
		7832C7292CDE3877008148C4 /* SocialView.swift */ = {isa = PBXFileReference; lastKnownFileType = sourcecode.swift; path = SocialView.swift; sourceTree = "<group>"; };
		7832C72B2CDE3883008148C4 /* GoalView.swift */ = {isa = PBXFileReference; lastKnownFileType = sourcecode.swift; path = GoalView.swift; sourceTree = "<group>"; };
		78F2C4452CF7654F00E36F5A /* ChartView.swift */ = {isa = PBXFileReference; lastKnownFileType = sourcecode.swift; path = ChartView.swift; sourceTree = "<group>"; };
		78F2C44C2CF7678600E36F5A /* NutritionDataModel.swift */ = {isa = PBXFileReference; fileEncoding = 4; lastKnownFileType = sourcecode.swift; name = NutritionDataModel.swift; path = Nutrify/Models/NutritionDataModel.swift; sourceTree = SOURCE_ROOT; };
		8C6AF4482CF7200300981E9F /* User.swift */ = {isa = PBXFileReference; lastKnownFileType = sourcecode.swift; path = User.swift; sourceTree = "<group>"; };
		8C6AF44A2CF7204A00981E9F /* GoogleService-Info.plist */ = {isa = PBXFileReference; fileEncoding = 4; lastKnownFileType = text.plist.xml; path = "GoogleService-Info.plist"; sourceTree = "<group>"; };
		8C6AF44D2CF7211700981E9F /* LoginView.swift */ = {isa = PBXFileReference; lastKnownFileType = sourcecode.swift; path = LoginView.swift; sourceTree = "<group>"; };
		8C6AF4512CF721D800981E9F /* InputField.swift */ = {isa = PBXFileReference; fileEncoding = 4; lastKnownFileType = sourcecode.swift; path = InputField.swift; sourceTree = "<group>"; };
		8C6AF4532CF721F200981E9F /* LogPageView.swift */ = {isa = PBXFileReference; fileEncoding = 4; lastKnownFileType = sourcecode.swift; path = LogPageView.swift; sourceTree = "<group>"; };
		8C6AF4552CF7263A00981E9F /* UserSession.swift */ = {isa = PBXFileReference; lastKnownFileType = sourcecode.swift; path = UserSession.swift; sourceTree = "<group>"; };
		8C6AF4572CF738E300981E9F /* NutrifyButton.swift */ = {isa = PBXFileReference; lastKnownFileType = sourcecode.swift; path = NutrifyButton.swift; sourceTree = "<group>"; };
		8C6AF45F2CF7DD6200981E9F /* SocialPost.swift */ = {isa = PBXFileReference; lastKnownFileType = sourcecode.swift; path = SocialPost.swift; sourceTree = "<group>"; };
		8C6AF4612CF7DFBB00981E9F /* UserService.swift */ = {isa = PBXFileReference; lastKnownFileType = sourcecode.swift; path = UserService.swift; sourceTree = "<group>"; };
		8C6AF4632CF7E48C00981E9F /* SocialService.swift */ = {isa = PBXFileReference; lastKnownFileType = sourcecode.swift; path = SocialService.swift; sourceTree = "<group>"; };
		8C8E76042CF8E142008F8D38 /* SettingsView.swift */ = {isa = PBXFileReference; lastKnownFileType = sourcecode.swift; path = SettingsView.swift; sourceTree = "<group>"; };
		8CDFE88C2CF71D5700BC103D /* AuthService.swift */ = {isa = PBXFileReference; lastKnownFileType = sourcecode.swift; path = AuthService.swift; sourceTree = "<group>"; };
		8CFF55BB2CF7F63A007559A6 /* ProfilePicture.swift */ = {isa = PBXFileReference; lastKnownFileType = sourcecode.swift; path = ProfilePicture.swift; sourceTree = "<group>"; };
		8CFF55BD2CF8196D007559A6 /* AddPostView.swift */ = {isa = PBXFileReference; lastKnownFileType = sourcecode.swift; path = AddPostView.swift; sourceTree = "<group>"; };
/* End PBXFileReference section */

/* Begin PBXFrameworksBuildPhase section */
		7832C7082CDE35CC008148C4 /* Frameworks */ = {
			isa = PBXFrameworksBuildPhase;
			buildActionMask = 2147483647;
			files = (
				8CDFE8962CF71DC900BC103D /* FirebaseAppCheck in Frameworks */,
				8C6AF4442CF71FAB00981E9F /* FirebaseAuth in Frameworks */,
				8CDFE8902CF71DC900BC103D /* FirebaseAnalytics in Frameworks */,
				8CDFE8982CF71DC900BC103D /* FirebaseAppDistribution-Beta in Frameworks */,
				8CDFE8942CF71DC900BC103D /* FirebaseAnalyticsWithoutAdIdSupport in Frameworks */,
				78F2C4492CF7658B00E36F5A /* SwiftUICharts in Frameworks */,
				8C6AF4462CF71FD800981E9F /* FirebaseDatabase in Frameworks */,
				8CDFE8922CF71DC900BC103D /* FirebaseAnalyticsOnDeviceConversion in Frameworks */,
			);
			runOnlyForDeploymentPostprocessing = 0;
		};
/* End PBXFrameworksBuildPhase section */

/* Begin PBXGroup section */
		7832C7022CDE35CC008148C4 = {
			isa = PBXGroup;
			children = (
				7832C70D2CDE35CC008148C4 /* Nutrify */,
				7832C70C2CDE35CC008148C4 /* Products */,
				8C6AF4422CF71FAB00981E9F /* Frameworks */,
			);
			sourceTree = "<group>";
		};
		7832C70C2CDE35CC008148C4 /* Products */ = {
			isa = PBXGroup;
			children = (
				7832C70B2CDE35CC008148C4 /* Nutrify.app */,
			);
			name = Products;
			sourceTree = "<group>";
		};
		7832C70D2CDE35CC008148C4 /* Nutrify */ = {
			isa = PBXGroup;
			children = (
				8C6AF4502CF7213F00981E9F /* Views */,
				8C6AF44A2CF7204A00981E9F /* GoogleService-Info.plist */,
				8C6AF4472CF71FF900981E9F /* Models */,
				8CDFE88B2CF71D4700BC103D /* Services */,
				7832C70E2CDE35CC008148C4 /* NutrifyApp.swift */,
				7832C7102CDE35CC008148C4 /* ContentView.swift */,
				7832C7122CDE35CE008148C4 /* Assets.xcassets */,
				7832C7172CDE35CE008148C4 /* Persistence.swift */,
				7832C7192CDE35CE008148C4 /* Nutrify.xcdatamodeld */,
				7832C7142CDE35CE008148C4 /* Preview Content */,
			);
			path = Nutrify;
			sourceTree = "<group>";
		};
		7832C7142CDE35CE008148C4 /* Preview Content */ = {
			isa = PBXGroup;
			children = (
				7832C7152CDE35CE008148C4 /* Preview Assets.xcassets */,
			);
			path = "Preview Content";
			sourceTree = "<group>";
		};
		8C6AF4422CF71FAB00981E9F /* Frameworks */ = {
			isa = PBXGroup;
			children = (
			);
			name = Frameworks;
			sourceTree = "<group>";
		};
		8C6AF4472CF71FF900981E9F /* Models */ = {
			isa = PBXGroup;
			children = (
				78F2C44C2CF7678600E36F5A /* NutritionDataModel.swift */,
				8C6AF4482CF7200300981E9F /* User.swift */,
				8C6AF4552CF7263A00981E9F /* UserSession.swift */,
				8C6AF45F2CF7DD6200981E9F /* SocialPost.swift */,
			);
			path = Models;
			sourceTree = "<group>";
		};
		8C6AF4502CF7213F00981E9F /* Views */ = {
			isa = PBXGroup;
			children = (
				8C6AF4532CF721F200981E9F /* LogPageView.swift */,
				8C6AF4512CF721D800981E9F /* InputField.swift */,
				7832C7252CDE3859008148C4 /* HomeView.swift */,
				7832C7272CDE386A008148C4 /* LogView.swift */,
				7832C7292CDE3877008148C4 /* SocialView.swift */,
				7832C72B2CDE3883008148C4 /* GoalView.swift */,
				8C6AF44D2CF7211700981E9F /* LoginView.swift */,
				8C6AF4572CF738E300981E9F /* NutrifyButton.swift */,
				78F2C4452CF7654F00E36F5A /* ChartView.swift */,
				8CFF55BB2CF7F63A007559A6 /* ProfilePicture.swift */,
				8CFF55BD2CF8196D007559A6 /* AddPostView.swift */,
				8C8E76042CF8E142008F8D38 /* SettingsView.swift */,
			);
			path = Views;
			sourceTree = "<group>";
		};
		8CDFE88B2CF71D4700BC103D /* Services */ = {
			isa = PBXGroup;
			children = (
				8CDFE88C2CF71D5700BC103D /* AuthService.swift */,
				8C6AF4612CF7DFBB00981E9F /* UserService.swift */,
				8C6AF4632CF7E48C00981E9F /* SocialService.swift */,
			);
			path = Services;
			sourceTree = "<group>";
		};
/* End PBXGroup section */

/* Begin PBXNativeTarget section */
		7832C70A2CDE35CC008148C4 /* Nutrify */ = {
			isa = PBXNativeTarget;
			buildConfigurationList = 7832C71E2CDE35CE008148C4 /* Build configuration list for PBXNativeTarget "Nutrify" */;
			buildPhases = (
				7832C7072CDE35CC008148C4 /* Sources */,
				7832C7082CDE35CC008148C4 /* Frameworks */,
				7832C7092CDE35CC008148C4 /* Resources */,
			);
			buildRules = (
			);
			dependencies = (
			);
			name = Nutrify;
			packageProductDependencies = (
				8CDFE88F2CF71DC900BC103D /* FirebaseAnalytics */,
				8CDFE8912CF71DC900BC103D /* FirebaseAnalyticsOnDeviceConversion */,
				8CDFE8932CF71DC900BC103D /* FirebaseAnalyticsWithoutAdIdSupport */,
				8CDFE8952CF71DC900BC103D /* FirebaseAppCheck */,
				8CDFE8972CF71DC900BC103D /* FirebaseAppDistribution-Beta */,
				8C6AF4432CF71FAB00981E9F /* FirebaseAuth */,
				8C6AF4452CF71FD800981E9F /* FirebaseDatabase */,
				78F2C4482CF7658B00E36F5A /* SwiftUICharts */,
			);
			productName = Nutrify;
			productReference = 7832C70B2CDE35CC008148C4 /* Nutrify.app */;
			productType = "com.apple.product-type.application";
		};
/* End PBXNativeTarget section */

/* Begin PBXProject section */
		7832C7032CDE35CC008148C4 /* Project object */ = {
			isa = PBXProject;
			attributes = {
				BuildIndependentTargetsInParallel = 1;
				LastSwiftUpdateCheck = 1540;
				LastUpgradeCheck = 1540;
				TargetAttributes = {
					7832C70A2CDE35CC008148C4 = {
						CreatedOnToolsVersion = 15.4;
					};
				};
			};
			buildConfigurationList = 7832C7062CDE35CC008148C4 /* Build configuration list for PBXProject "Nutrify" */;
			compatibilityVersion = "Xcode 14.0";
			developmentRegion = en;
			hasScannedForEncodings = 0;
			knownRegions = (
				en,
				Base,
			);
			mainGroup = 7832C7022CDE35CC008148C4;
			packageReferences = (
				8CDFE88E2CF71DC900BC103D /* XCRemoteSwiftPackageReference "firebase-ios-sdk" */,
				78F2C4472CF7658B00E36F5A /* XCRemoteSwiftPackageReference "ChartView" */,
			);
			productRefGroup = 7832C70C2CDE35CC008148C4 /* Products */;
			projectDirPath = "";
			projectRoot = "";
			targets = (
				7832C70A2CDE35CC008148C4 /* Nutrify */,
			);
		};
/* End PBXProject section */

/* Begin PBXResourcesBuildPhase section */
		7832C7092CDE35CC008148C4 /* Resources */ = {
			isa = PBXResourcesBuildPhase;
			buildActionMask = 2147483647;
			files = (
				7832C7162CDE35CE008148C4 /* Preview Assets.xcassets in Resources */,
				7832C7132CDE35CE008148C4 /* Assets.xcassets in Resources */,
				8C6AF44B2CF7204A00981E9F /* GoogleService-Info.plist in Resources */,
			);
			runOnlyForDeploymentPostprocessing = 0;
		};
/* End PBXResourcesBuildPhase section */

/* Begin PBXSourcesBuildPhase section */
		7832C7072CDE35CC008148C4 /* Sources */ = {
			isa = PBXSourcesBuildPhase;
			buildActionMask = 2147483647;
			files = (
				8C6AF4602CF7DD6200981E9F /* SocialPost.swift in Sources */,
				8C8E76052CF8E142008F8D38 /* SettingsView.swift in Sources */,
				7832C7182CDE35CE008148C4 /* Persistence.swift in Sources */,
				7832C72A2CDE3877008148C4 /* SocialView.swift in Sources */,
				78F2C44D2CF7678600E36F5A /* NutritionDataModel.swift in Sources */,
				7832C71B2CDE35CE008148C4 /* Nutrify.xcdatamodeld in Sources */,
				7832C7112CDE35CC008148C4 /* ContentView.swift in Sources */,
				7832C7262CDE3859008148C4 /* HomeView.swift in Sources */,
				8CDFE88D2CF71D5700BC103D /* AuthService.swift in Sources */,
				8C6AF4562CF7263A00981E9F /* UserSession.swift in Sources */,
				8C6AF4542CF721F200981E9F /* LogPageView.swift in Sources */,
				8C6AF44E2CF7211700981E9F /* LoginView.swift in Sources */,
				8C6AF4522CF721D800981E9F /* InputField.swift in Sources */,
				78F2C4462CF7654F00E36F5A /* ChartView.swift in Sources */,
				8CFF55BC2CF7F63A007559A6 /* ProfilePicture.swift in Sources */,
				8C6AF4642CF7E48C00981E9F /* SocialService.swift in Sources */,
				8C6AF4622CF7DFBB00981E9F /* UserService.swift in Sources */,
				8C6AF4582CF738E300981E9F /* NutrifyButton.swift in Sources */,
				8C6AF4492CF7200300981E9F /* User.swift in Sources */,
				7832C70F2CDE35CC008148C4 /* NutrifyApp.swift in Sources */,
				7832C72C2CDE3883008148C4 /* GoalView.swift in Sources */,
				8CFF55BE2CF8196D007559A6 /* AddPostView.swift in Sources */,
				7832C7282CDE386A008148C4 /* LogView.swift in Sources */,
			);
			runOnlyForDeploymentPostprocessing = 0;
		};
/* End PBXSourcesBuildPhase section */

/* Begin XCBuildConfiguration section */
		7832C71C2CDE35CE008148C4 /* Debug */ = {
			isa = XCBuildConfiguration;
			buildSettings = {
				ALWAYS_SEARCH_USER_PATHS = NO;
				ASSETCATALOG_COMPILER_GENERATE_SWIFT_ASSET_SYMBOL_EXTENSIONS = YES;
				CLANG_ANALYZER_NONNULL = YES;
				CLANG_ANALYZER_NUMBER_OBJECT_CONVERSION = YES_AGGRESSIVE;
				CLANG_CXX_LANGUAGE_STANDARD = "gnu++20";
				CLANG_ENABLE_MODULES = YES;
				CLANG_ENABLE_OBJC_ARC = YES;
				CLANG_ENABLE_OBJC_WEAK = YES;
				CLANG_WARN_BLOCK_CAPTURE_AUTORELEASING = YES;
				CLANG_WARN_BOOL_CONVERSION = YES;
				CLANG_WARN_COMMA = YES;
				CLANG_WARN_CONSTANT_CONVERSION = YES;
				CLANG_WARN_DEPRECATED_OBJC_IMPLEMENTATIONS = YES;
				CLANG_WARN_DIRECT_OBJC_ISA_USAGE = YES_ERROR;
				CLANG_WARN_DOCUMENTATION_COMMENTS = YES;
				CLANG_WARN_EMPTY_BODY = YES;
				CLANG_WARN_ENUM_CONVERSION = YES;
				CLANG_WARN_INFINITE_RECURSION = YES;
				CLANG_WARN_INT_CONVERSION = YES;
				CLANG_WARN_NON_LITERAL_NULL_CONVERSION = YES;
				CLANG_WARN_OBJC_IMPLICIT_RETAIN_SELF = YES;
				CLANG_WARN_OBJC_LITERAL_CONVERSION = YES;
				CLANG_WARN_OBJC_ROOT_CLASS = YES_ERROR;
				CLANG_WARN_QUOTED_INCLUDE_IN_FRAMEWORK_HEADER = YES;
				CLANG_WARN_RANGE_LOOP_ANALYSIS = YES;
				CLANG_WARN_STRICT_PROTOTYPES = YES;
				CLANG_WARN_SUSPICIOUS_MOVE = YES;
				CLANG_WARN_UNGUARDED_AVAILABILITY = YES_AGGRESSIVE;
				CLANG_WARN_UNREACHABLE_CODE = YES;
				CLANG_WARN__DUPLICATE_METHOD_MATCH = YES;
				COPY_PHASE_STRIP = NO;
				DEBUG_INFORMATION_FORMAT = dwarf;
				ENABLE_STRICT_OBJC_MSGSEND = YES;
				ENABLE_TESTABILITY = YES;
				ENABLE_USER_SCRIPT_SANDBOXING = YES;
				GCC_C_LANGUAGE_STANDARD = gnu17;
				GCC_DYNAMIC_NO_PIC = NO;
				GCC_NO_COMMON_BLOCKS = YES;
				GCC_OPTIMIZATION_LEVEL = 0;
				GCC_PREPROCESSOR_DEFINITIONS = (
					"DEBUG=1",
					"$(inherited)",
				);
				GCC_WARN_64_TO_32_BIT_CONVERSION = YES;
				GCC_WARN_ABOUT_RETURN_TYPE = YES_ERROR;
				GCC_WARN_UNDECLARED_SELECTOR = YES;
				GCC_WARN_UNINITIALIZED_AUTOS = YES_AGGRESSIVE;
				GCC_WARN_UNUSED_FUNCTION = YES;
				GCC_WARN_UNUSED_VARIABLE = YES;
				IPHONEOS_DEPLOYMENT_TARGET = 17.2;
				LOCALIZATION_PREFERS_STRING_CATALOGS = YES;
				MTL_ENABLE_DEBUG_INFO = INCLUDE_SOURCE;
				MTL_FAST_MATH = YES;
				ONLY_ACTIVE_ARCH = YES;
				SDKROOT = iphoneos;
				SWIFT_ACTIVE_COMPILATION_CONDITIONS = "DEBUG $(inherited)";
				SWIFT_OPTIMIZATION_LEVEL = "-Onone";
			};
			name = Debug;
		};
		7832C71D2CDE35CE008148C4 /* Release */ = {
			isa = XCBuildConfiguration;
			buildSettings = {
				ALWAYS_SEARCH_USER_PATHS = NO;
				ASSETCATALOG_COMPILER_GENERATE_SWIFT_ASSET_SYMBOL_EXTENSIONS = YES;
				CLANG_ANALYZER_NONNULL = YES;
				CLANG_ANALYZER_NUMBER_OBJECT_CONVERSION = YES_AGGRESSIVE;
				CLANG_CXX_LANGUAGE_STANDARD = "gnu++20";
				CLANG_ENABLE_MODULES = YES;
				CLANG_ENABLE_OBJC_ARC = YES;
				CLANG_ENABLE_OBJC_WEAK = YES;
				CLANG_WARN_BLOCK_CAPTURE_AUTORELEASING = YES;
				CLANG_WARN_BOOL_CONVERSION = YES;
				CLANG_WARN_COMMA = YES;
				CLANG_WARN_CONSTANT_CONVERSION = YES;
				CLANG_WARN_DEPRECATED_OBJC_IMPLEMENTATIONS = YES;
				CLANG_WARN_DIRECT_OBJC_ISA_USAGE = YES_ERROR;
				CLANG_WARN_DOCUMENTATION_COMMENTS = YES;
				CLANG_WARN_EMPTY_BODY = YES;
				CLANG_WARN_ENUM_CONVERSION = YES;
				CLANG_WARN_INFINITE_RECURSION = YES;
				CLANG_WARN_INT_CONVERSION = YES;
				CLANG_WARN_NON_LITERAL_NULL_CONVERSION = YES;
				CLANG_WARN_OBJC_IMPLICIT_RETAIN_SELF = YES;
				CLANG_WARN_OBJC_LITERAL_CONVERSION = YES;
				CLANG_WARN_OBJC_ROOT_CLASS = YES_ERROR;
				CLANG_WARN_QUOTED_INCLUDE_IN_FRAMEWORK_HEADER = YES;
				CLANG_WARN_RANGE_LOOP_ANALYSIS = YES;
				CLANG_WARN_STRICT_PROTOTYPES = YES;
				CLANG_WARN_SUSPICIOUS_MOVE = YES;
				CLANG_WARN_UNGUARDED_AVAILABILITY = YES_AGGRESSIVE;
				CLANG_WARN_UNREACHABLE_CODE = YES;
				CLANG_WARN__DUPLICATE_METHOD_MATCH = YES;
				COPY_PHASE_STRIP = NO;
				DEBUG_INFORMATION_FORMAT = "dwarf-with-dsym";
				ENABLE_NS_ASSERTIONS = NO;
				ENABLE_STRICT_OBJC_MSGSEND = YES;
				ENABLE_USER_SCRIPT_SANDBOXING = YES;
				GCC_C_LANGUAGE_STANDARD = gnu17;
				GCC_NO_COMMON_BLOCKS = YES;
				GCC_WARN_64_TO_32_BIT_CONVERSION = YES;
				GCC_WARN_ABOUT_RETURN_TYPE = YES_ERROR;
				GCC_WARN_UNDECLARED_SELECTOR = YES;
				GCC_WARN_UNINITIALIZED_AUTOS = YES_AGGRESSIVE;
				GCC_WARN_UNUSED_FUNCTION = YES;
				GCC_WARN_UNUSED_VARIABLE = YES;
				IPHONEOS_DEPLOYMENT_TARGET = 17.2;
				LOCALIZATION_PREFERS_STRING_CATALOGS = YES;
				MTL_ENABLE_DEBUG_INFO = NO;
				MTL_FAST_MATH = YES;
				SDKROOT = iphoneos;
				SWIFT_COMPILATION_MODE = wholemodule;
				VALIDATE_PRODUCT = YES;
			};
			name = Release;
		};
		7832C71F2CDE35CE008148C4 /* Debug */ = {
			isa = XCBuildConfiguration;
			buildSettings = {
				ASSETCATALOG_COMPILER_APPICON_NAME = AppIcon;
				ASSETCATALOG_COMPILER_GLOBAL_ACCENT_COLOR_NAME = AccentColor;
				CODE_SIGN_STYLE = Automatic;
				CURRENT_PROJECT_VERSION = 1;
				DEVELOPMENT_ASSET_PATHS = "\"Nutrify/Preview Content\"";
				DEVELOPMENT_TEAM = UVPDDV5ZHY;
				ENABLE_PREVIEWS = YES;
				GENERATE_INFOPLIST_FILE = YES;
				INFOPLIST_KEY_UIApplicationSceneManifest_Generation = YES;
				INFOPLIST_KEY_UIApplicationSupportsIndirectInputEvents = YES;
				INFOPLIST_KEY_UILaunchScreen_Generation = YES;
				INFOPLIST_KEY_UISupportedInterfaceOrientations_iPad = "UIInterfaceOrientationPortrait UIInterfaceOrientationPortraitUpsideDown UIInterfaceOrientationLandscapeLeft UIInterfaceOrientationLandscapeRight";
				INFOPLIST_KEY_UISupportedInterfaceOrientations_iPhone = "UIInterfaceOrientationPortrait UIInterfaceOrientationLandscapeLeft UIInterfaceOrientationLandscapeRight";
				LD_RUNPATH_SEARCH_PATHS = (
					"$(inherited)",
					"@executable_path/Frameworks",
				);
				MARKETING_VERSION = 1.0;
				PRODUCT_BUNDLE_IDENTIFIER = hk.hku.Nutrify;
				PRODUCT_NAME = "$(TARGET_NAME)";
				SWIFT_EMIT_LOC_STRINGS = YES;
				SWIFT_VERSION = 5.0;
				TARGETED_DEVICE_FAMILY = "1,2";
			};
			name = Debug;
		};
		7832C7202CDE35CE008148C4 /* Release */ = {
			isa = XCBuildConfiguration;
			buildSettings = {
				ASSETCATALOG_COMPILER_APPICON_NAME = AppIcon;
				ASSETCATALOG_COMPILER_GLOBAL_ACCENT_COLOR_NAME = AccentColor;
				CODE_SIGN_STYLE = Automatic;
				CURRENT_PROJECT_VERSION = 1;
				DEVELOPMENT_ASSET_PATHS = "\"Nutrify/Preview Content\"";
				DEVELOPMENT_TEAM = UVPDDV5ZHY;
				ENABLE_PREVIEWS = YES;
				GENERATE_INFOPLIST_FILE = YES;
				INFOPLIST_KEY_UIApplicationSceneManifest_Generation = YES;
				INFOPLIST_KEY_UIApplicationSupportsIndirectInputEvents = YES;
				INFOPLIST_KEY_UILaunchScreen_Generation = YES;
				INFOPLIST_KEY_UISupportedInterfaceOrientations_iPad = "UIInterfaceOrientationPortrait UIInterfaceOrientationPortraitUpsideDown UIInterfaceOrientationLandscapeLeft UIInterfaceOrientationLandscapeRight";
				INFOPLIST_KEY_UISupportedInterfaceOrientations_iPhone = "UIInterfaceOrientationPortrait UIInterfaceOrientationLandscapeLeft UIInterfaceOrientationLandscapeRight";
				LD_RUNPATH_SEARCH_PATHS = (
					"$(inherited)",
					"@executable_path/Frameworks",
				);
				MARKETING_VERSION = 1.0;
				PRODUCT_BUNDLE_IDENTIFIER = hk.hku.Nutrify;
				PRODUCT_NAME = "$(TARGET_NAME)";
				SWIFT_EMIT_LOC_STRINGS = YES;
				SWIFT_VERSION = 5.0;
				TARGETED_DEVICE_FAMILY = "1,2";
			};
			name = Release;
		};
/* End XCBuildConfiguration section */

/* Begin XCConfigurationList section */
		7832C7062CDE35CC008148C4 /* Build configuration list for PBXProject "Nutrify" */ = {
			isa = XCConfigurationList;
			buildConfigurations = (
				7832C71C2CDE35CE008148C4 /* Debug */,
				7832C71D2CDE35CE008148C4 /* Release */,
			);
			defaultConfigurationIsVisible = 0;
			defaultConfigurationName = Release;
		};
		7832C71E2CDE35CE008148C4 /* Build configuration list for PBXNativeTarget "Nutrify" */ = {
			isa = XCConfigurationList;
			buildConfigurations = (
				7832C71F2CDE35CE008148C4 /* Debug */,
				7832C7202CDE35CE008148C4 /* Release */,
			);
			defaultConfigurationIsVisible = 0;
			defaultConfigurationName = Release;
		};
/* End XCConfigurationList section */

/* Begin XCRemoteSwiftPackageReference section */
		78F2C4472CF7658B00E36F5A /* XCRemoteSwiftPackageReference "ChartView" */ = {
			isa = XCRemoteSwiftPackageReference;
			repositoryURL = "https://github.com/AppPear/ChartView";
			requirement = {
				kind = upToNextMajorVersion;
				minimumVersion = 1.5.5;
			};
		};
		8CDFE88E2CF71DC900BC103D /* XCRemoteSwiftPackageReference "firebase-ios-sdk" */ = {
			isa = XCRemoteSwiftPackageReference;
			repositoryURL = "https://github.com/firebase/firebase-ios-sdk";
			requirement = {
				kind = upToNextMajorVersion;
				minimumVersion = 11.5.0;
			};
		};
/* End XCRemoteSwiftPackageReference section */

/* Begin XCSwiftPackageProductDependency section */
		78F2C4482CF7658B00E36F5A /* SwiftUICharts */ = {
			isa = XCSwiftPackageProductDependency;
			package = 78F2C4472CF7658B00E36F5A /* XCRemoteSwiftPackageReference "ChartView" */;
			productName = SwiftUICharts;
		};
		8C6AF4432CF71FAB00981E9F /* FirebaseAuth */ = {
			isa = XCSwiftPackageProductDependency;
			package = 8CDFE88E2CF71DC900BC103D /* XCRemoteSwiftPackageReference "firebase-ios-sdk" */;
			productName = FirebaseAuth;
		};
		8C6AF4452CF71FD800981E9F /* FirebaseDatabase */ = {
			isa = XCSwiftPackageProductDependency;
			package = 8CDFE88E2CF71DC900BC103D /* XCRemoteSwiftPackageReference "firebase-ios-sdk" */;
			productName = FirebaseDatabase;
		};
		8CDFE88F2CF71DC900BC103D /* FirebaseAnalytics */ = {
			isa = XCSwiftPackageProductDependency;
			package = 8CDFE88E2CF71DC900BC103D /* XCRemoteSwiftPackageReference "firebase-ios-sdk" */;
			productName = FirebaseAnalytics;
		};
		8CDFE8912CF71DC900BC103D /* FirebaseAnalyticsOnDeviceConversion */ = {
			isa = XCSwiftPackageProductDependency;
			package = 8CDFE88E2CF71DC900BC103D /* XCRemoteSwiftPackageReference "firebase-ios-sdk" */;
			productName = FirebaseAnalyticsOnDeviceConversion;
		};
		8CDFE8932CF71DC900BC103D /* FirebaseAnalyticsWithoutAdIdSupport */ = {
			isa = XCSwiftPackageProductDependency;
			package = 8CDFE88E2CF71DC900BC103D /* XCRemoteSwiftPackageReference "firebase-ios-sdk" */;
			productName = FirebaseAnalyticsWithoutAdIdSupport;
		};
		8CDFE8952CF71DC900BC103D /* FirebaseAppCheck */ = {
			isa = XCSwiftPackageProductDependency;
			package = 8CDFE88E2CF71DC900BC103D /* XCRemoteSwiftPackageReference "firebase-ios-sdk" */;
			productName = FirebaseAppCheck;
		};
		8CDFE8972CF71DC900BC103D /* FirebaseAppDistribution-Beta */ = {
			isa = XCSwiftPackageProductDependency;
			package = 8CDFE88E2CF71DC900BC103D /* XCRemoteSwiftPackageReference "firebase-ios-sdk" */;
			productName = "FirebaseAppDistribution-Beta";
		};
/* End XCSwiftPackageProductDependency section */

/* Begin XCVersionGroup section */
		7832C7192CDE35CE008148C4 /* Nutrify.xcdatamodeld */ = {
			isa = XCVersionGroup;
			children = (
				7832C71A2CDE35CE008148C4 /* Nutrify.xcdatamodel */,
			);
			currentVersion = 7832C71A2CDE35CE008148C4 /* Nutrify.xcdatamodel */;
			path = Nutrify.xcdatamodeld;
			sourceTree = "<group>";
			versionGroupType = wrapper.xcdatamodel;
		};
/* End XCVersionGroup section */
	};
	rootObject = 7832C7032CDE35CC008148C4 /* Project object */;
}
